Microsoft Visual Studio Solution File, Format Version 12.00
# Visual Studio Version 17
VisualStudioVersion = 17.12.35527.113
MinimumVisualStudioVersion = 10.0.40219.1
Project("{FAE04EC0-301F-11D3-BF4B-00C04F79EFBC}") = "Hope.Results", "src\Hope.Results\Hope.Results.csproj", "{3B06B24C-CBEB-4C87-AF7B-B50258F2B20C}"
EndProject
Project("{2150E333-8FDC-42A3-9474-1A3956D46DE8}") = "Solution Items", "Solution Items", "{578878BB-CE4C-4566-ADD2-C6F4E4D67F7B}"
	ProjectSection(SolutionItems) = preProject
		.editorconfig = .editorconfig
		.github\workflows\build.yml = .github\workflows\build.yml
		.github\workflows\deploy.yml = .github\workflows\deploy.yml
		README.md = README.md
	EndProjectSection
EndProject
Project("{2150E333-8FDC-42A3-9474-1A3956D46DE8}") = "src", "src", "{FF6B9E81-B0D2-42EE-9585-0195592B9D2F}"
EndProject
Project("{FAE04EC0-301F-11D3-BF4B-00C04F79EFBC}") = "Hope.Configuration.Extensions", "src\Hope.Configuration.Extensions\Hope.Configuration.Extensions.csproj", "{767AD775-467B-4167-BEA9-030402FC7E91}"
EndProject
Project("{2150E333-8FDC-42A3-9474-1A3956D46DE8}") = "tests", "tests", "{710C6D52-36C8-449D-BDEA-5BD1B1D767AF}"
EndProject
Project("{FAE04EC0-301F-11D3-BF4B-00C04F79EFBC}") = "Hope.Configuration.Extensions.Tests", "tests\Hope.Configuration.Extensions.Tests\Hope.Configuration.Extensions.Tests.csproj", "{37E8B6EC-0DA5-4872-AB5C-4D12D52CB3FE}"
EndProject
Global
	GlobalSection(SolutionConfigurationPlatforms) = preSolution
		Debug|Any CPU = Debug|Any CPU
		Release|Any CPU = Release|Any CPU
	EndGlobalSection
	GlobalSection(ProjectConfigurationPlatforms) = postSolution
		{3B06B24C-CBEB-4C87-AF7B-B50258F2B20C}.Debug|Any CPU.ActiveCfg = Debug|Any CPU
		{3B06B24C-CBEB-4C87-AF7B-B50258F2B20C}.Debug|Any CPU.Build.0 = Debug|Any CPU
		{3B06B24C-CBEB-4C87-AF7B-B50258F2B20C}.Release|Any CPU.ActiveCfg = Release|Any CPU
		{3B06B24C-CBEB-4C87-AF7B-B50258F2B20C}.Release|Any CPU.Build.0 = Release|Any CPU
		{767AD775-467B-4167-BEA9-030402FC7E91}.Debug|Any CPU.ActiveCfg = Debug|Any CPU
		{767AD775-467B-4167-BEA9-030402FC7E91}.Debug|Any CPU.Build.0 = Debug|Any CPU
		{767AD775-467B-4167-BEA9-030402FC7E91}.Release|Any CPU.ActiveCfg = Release|Any CPU
		{767AD775-467B-4167-BEA9-030402FC7E91}.Release|Any CPU.Build.0 = Release|Any CPU
		{37E8B6EC-0DA5-4872-AB5C-4D12D52CB3FE}.Debug|Any CPU.ActiveCfg = Debug|Any CPU
		{37E8B6EC-0DA5-4872-AB5C-4D12D52CB3FE}.Debug|Any CPU.Build.0 = Debug|Any CPU
		{37E8B6EC-0DA5-4872-AB5C-4D12D52CB3FE}.Release|Any CPU.ActiveCfg = Release|Any CPU
		{37E8B6EC-0DA5-4872-AB5C-4D12D52CB3FE}.Release|Any CPU.Build.0 = Release|Any CPU
	EndGlobalSection
	GlobalSection(SolutionProperties) = preSolution
		HideSolutionNode = FALSE
	EndGlobalSection
	GlobalSection(NestedProjects) = preSolution
		{3B06B24C-CBEB-4C87-AF7B-B50258F2B20C} = {FF6B9E81-B0D2-42EE-9585-0195592B9D2F}
		{767AD775-467B-4167-BEA9-030402FC7E91} = {FF6B9E81-B0D2-42EE-9585-0195592B9D2F}
		{37E8B6EC-0DA5-4872-AB5C-4D12D52CB3FE} = {710C6D52-36C8-449D-BDEA-5BD1B1D767AF}
	EndGlobalSection
EndGlobal
